// !$*UTF8*$!
{
	archiveVersion = 1;
	classes = {
	};
	objectVersion = 55;
	objects = {

/* Begin PBXBuildFile section */
		9918BFF927EA56CA00AA62B4 /* AppDelegate.swift in Sources */ = {isa = PBXBuildFile; fileRef = 9918BFF827EA56CA00AA62B4 /* AppDelegate.swift */; };
		9918BFFB27EA56CA00AA62B4 /* SceneDelegate.swift in Sources */ = {isa = PBXBuildFile; fileRef = 9918BFFA27EA56CA00AA62B4 /* SceneDelegate.swift */; };
		9918BFFD27EA56CA00AA62B4 /* ViewController.swift in Sources */ = {isa = PBXBuildFile; fileRef = 9918BFFC27EA56CA00AA62B4 /* ViewController.swift */; };
		9918C00027EA56CA00AA62B4 /* Main.storyboard in Resources */ = {isa = PBXBuildFile; fileRef = 9918BFFE27EA56CA00AA62B4 /* Main.storyboard */; };
		9918C00327EA56CA00AA62B4 /* FlagQuiz.xcdatamodeld in Sources */ = {isa = PBXBuildFile; fileRef = 9918C00127EA56CA00AA62B4 /* FlagQuiz.xcdatamodeld */; };
		9918C00527EA56CD00AA62B4 /* Assets.xcassets in Resources */ = {isa = PBXBuildFile; fileRef = 9918C00427EA56CD00AA62B4 /* Assets.xcassets */; };
		9918C00827EA56CD00AA62B4 /* LaunchScreen.storyboard in Resources */ = {isa = PBXBuildFile; fileRef = 9918C00627EA56CD00AA62B4 /* LaunchScreen.storyboard */; };
		9918C01327EA56CE00AA62B4 /* FlagQuizTests.swift in Sources */ = {isa = PBXBuildFile; fileRef = 9918C01227EA56CE00AA62B4 /* FlagQuizTests.swift */; };
		9918C01D27EA56CE00AA62B4 /* FlagQuizUITests.swift in Sources */ = {isa = PBXBuildFile; fileRef = 9918C01C27EA56CE00AA62B4 /* FlagQuizUITests.swift */; };
		9918C01F27EA56CE00AA62B4 /* FlagQuizUITestsLaunchTests.swift in Sources */ = {isa = PBXBuildFile; fileRef = 9918C01E27EA56CE00AA62B4 /* FlagQuizUITestsLaunchTests.swift */; };
		9918C02F27EB296100AA62B4 /* QuizScreenViewController.swift in Sources */ = {isa = PBXBuildFile; fileRef = 9918C02E27EB296100AA62B4 /* QuizScreenViewController.swift */; };
		9918C03127EB298800AA62B4 /* ResultScreenViewController.swift in Sources */ = {isa = PBXBuildFile; fileRef = 9918C03027EB298800AA62B4 /* ResultScreenViewController.swift */; };
		9918C04427EB62A000AA62B4 /* FMResultSet.m in Sources */ = {isa = PBXBuildFile; fileRef = 9918C03927EB629F00AA62B4 /* FMResultSet.m */; };
		9918C04527EB62A000AA62B4 /* FMDatabasePool.m in Sources */ = {isa = PBXBuildFile; fileRef = 9918C03A27EB629F00AA62B4 /* FMDatabasePool.m */; };
		9918C04627EB62A000AA62B4 /* FMDatabaseAdditions.m in Sources */ = {isa = PBXBuildFile; fileRef = 9918C03B27EB629F00AA62B4 /* FMDatabaseAdditions.m */; };
		9918C04727EB62A000AA62B4 /* FMDatabase.m in Sources */ = {isa = PBXBuildFile; fileRef = 9918C03F27EB629F00AA62B4 /* FMDatabase.m */; };
		9918C04827EB62A000AA62B4 /* FMDatabaseQueue.m in Sources */ = {isa = PBXBuildFile; fileRef = 9918C04127EB629F00AA62B4 /* FMDatabaseQueue.m */; };
		9918C04B27EB633600AA62B4 /* flagquiz.sqlite in Resources */ = {isa = PBXBuildFile; fileRef = 9918C04A27EB633600AA62B4 /* flagquiz.sqlite */; };
		9918C04D27EB640500AA62B4 /* FlagModel.swift in Sources */ = {isa = PBXBuildFile; fileRef = 9918C04C27EB640500AA62B4 /* FlagModel.swift */; };
		9918C04F27EB6B7D00AA62B4 /* FlagDAO.swift in Sources */ = {isa = PBXBuildFile; fileRef = 9918C04E27EB6B7D00AA62B4 /* FlagDAO.swift */; };
/* End PBXBuildFile section */

/* Begin PBXContainerItemProxy section */
		9918C00F27EA56CE00AA62B4 /* PBXContainerItemProxy */ = {
			isa = PBXContainerItemProxy;
			containerPortal = 9918BFED27EA56CA00AA62B4 /* Project object */;
			proxyType = 1;
			remoteGlobalIDString = 9918BFF427EA56CA00AA62B4;
			remoteInfo = FlagQuiz;
		};
		9918C01927EA56CE00AA62B4 /* PBXContainerItemProxy */ = {
			isa = PBXContainerItemProxy;
			containerPortal = 9918BFED27EA56CA00AA62B4 /* Project object */;
			proxyType = 1;
			remoteGlobalIDString = 9918BFF427EA56CA00AA62B4;
			remoteInfo = FlagQuiz;
		};
/* End PBXContainerItemProxy section */

/* Begin PBXFileReference section */
		9918BFF527EA56CA00AA62B4 /* FlagQuiz.app */ = {isa = PBXFileReference; explicitFileType = wrapper.application; includeInIndex = 0; path = FlagQuiz.app; sourceTree = BUILT_PRODUCTS_DIR; };
		9918BFF827EA56CA00AA62B4 /* AppDelegate.swift */ = {isa = PBXFileReference; lastKnownFileType = sourcecode.swift; path = AppDelegate.swift; sourceTree = "<group>"; };
		9918BFFA27EA56CA00AA62B4 /* SceneDelegate.swift */ = {isa = PBXFileReference; lastKnownFileType = sourcecode.swift; path = SceneDelegate.swift; sourceTree = "<group>"; };
		9918BFFC27EA56CA00AA62B4 /* ViewController.swift */ = {isa = PBXFileReference; lastKnownFileType = sourcecode.swift; path = ViewController.swift; sourceTree = "<group>"; };
		9918BFFF27EA56CA00AA62B4 /* Base */ = {isa = PBXFileReference; lastKnownFileType = file.storyboard; name = Base; path = Base.lproj/Main.storyboard; sourceTree = "<group>"; };
		9918C00227EA56CA00AA62B4 /* FlagQuiz.xcdatamodel */ = {isa = PBXFileReference; lastKnownFileType = wrapper.xcdatamodel; path = FlagQuiz.xcdatamodel; sourceTree = "<group>"; };
		9918C00427EA56CD00AA62B4 /* Assets.xcassets */ = {isa = PBXFileReference; lastKnownFileType = folder.assetcatalog; path = Assets.xcassets; sourceTree = "<group>"; };
		9918C00727EA56CD00AA62B4 /* Base */ = {isa = PBXFileReference; lastKnownFileType = file.storyboard; name = Base; path = Base.lproj/LaunchScreen.storyboard; sourceTree = "<group>"; };
		9918C00927EA56CD00AA62B4 /* Info.plist */ = {isa = PBXFileReference; lastKnownFileType = text.plist.xml; path = Info.plist; sourceTree = "<group>"; };
		9918C00E27EA56CE00AA62B4 /* FlagQuizTests.xctest */ = {isa = PBXFileReference; explicitFileType = wrapper.cfbundle; includeInIndex = 0; path = FlagQuizTests.xctest; sourceTree = BUILT_PRODUCTS_DIR; };
		9918C01227EA56CE00AA62B4 /* FlagQuizTests.swift */ = {isa = PBXFileReference; lastKnownFileType = sourcecode.swift; path = FlagQuizTests.swift; sourceTree = "<group>"; };
		9918C01827EA56CE00AA62B4 /* FlagQuizUITests.xctest */ = {isa = PBXFileReference; explicitFileType = wrapper.cfbundle; includeInIndex = 0; path = FlagQuizUITests.xctest; sourceTree = BUILT_PRODUCTS_DIR; };
		9918C01C27EA56CE00AA62B4 /* FlagQuizUITests.swift */ = {isa = PBXFileReference; lastKnownFileType = sourcecode.swift; path = FlagQuizUITests.swift; sourceTree = "<group>"; };
		9918C01E27EA56CE00AA62B4 /* FlagQuizUITestsLaunchTests.swift */ = {isa = PBXFileReference; lastKnownFileType = sourcecode.swift; path = FlagQuizUITestsLaunchTests.swift; sourceTree = "<group>"; };
		9918C02E27EB296100AA62B4 /* QuizScreenViewController.swift */ = {isa = PBXFileReference; lastKnownFileType = sourcecode.swift; path = QuizScreenViewController.swift; sourceTree = "<group>"; };
		9918C03027EB298800AA62B4 /* ResultScreenViewController.swift */ = {isa = PBXFileReference; lastKnownFileType = sourcecode.swift; path = ResultScreenViewController.swift; sourceTree = "<group>"; };
		9918C03627EB623700AA62B4 /* libsqlite3.tbd */ = {isa = PBXFileReference; lastKnownFileType = "sourcecode.text-based-dylib-definition"; name = libsqlite3.tbd; path = usr/lib/libsqlite3.tbd; sourceTree = SDKROOT; };
		9918C03827EB629E00AA62B4 /* FlagQuiz-Bridging-Header.h */ = {isa = PBXFileReference; lastKnownFileType = sourcecode.c.h; path = "FlagQuiz-Bridging-Header.h"; sourceTree = "<group>"; };
		9918C03927EB629F00AA62B4 /* FMResultSet.m */ = {isa = PBXFileReference; fileEncoding = 4; lastKnownFileType = sourcecode.c.objc; path = FMResultSet.m; sourceTree = "<group>"; };
		9918C03A27EB629F00AA62B4 /* FMDatabasePool.m */ = {isa = PBXFileReference; fileEncoding = 4; lastKnownFileType = sourcecode.c.objc; path = FMDatabasePool.m; sourceTree = "<group>"; };
		9918C03B27EB629F00AA62B4 /* FMDatabaseAdditions.m */ = {isa = PBXFileReference; fileEncoding = 4; lastKnownFileType = sourcecode.c.objc; path = FMDatabaseAdditions.m; sourceTree = "<group>"; };
		9918C03C27EB629F00AA62B4 /* FMDatabasePool.h */ = {isa = PBXFileReference; fileEncoding = 4; lastKnownFileType = sourcecode.c.h; path = FMDatabasePool.h; sourceTree = "<group>"; };
		9918C03D27EB629F00AA62B4 /* FMDB.h */ = {isa = PBXFileReference; fileEncoding = 4; lastKnownFileType = sourcecode.c.h; path = FMDB.h; sourceTree = "<group>"; };
		9918C03E27EB629F00AA62B4 /* FMDatabaseAdditions.h */ = {isa = PBXFileReference; fileEncoding = 4; lastKnownFileType = sourcecode.c.h; path = FMDatabaseAdditions.h; sourceTree = "<group>"; };
		9918C03F27EB629F00AA62B4 /* FMDatabase.m */ = {isa = PBXFileReference; fileEncoding = 4; lastKnownFileType = sourcecode.c.objc; path = FMDatabase.m; sourceTree = "<group>"; };
		9918C04027EB629F00AA62B4 /* FMDatabase.h */ = {isa = PBXFileReference; fileEncoding = 4; lastKnownFileType = sourcecode.c.h; path = FMDatabase.h; sourceTree = "<group>"; };
		9918C04127EB629F00AA62B4 /* FMDatabaseQueue.m */ = {isa = PBXFileReference; fileEncoding = 4; lastKnownFileType = sourcecode.c.objc; path = FMDatabaseQueue.m; sourceTree = "<group>"; };
		9918C04227EB62A000AA62B4 /* FMResultSet.h */ = {isa = PBXFileReference; fileEncoding = 4; lastKnownFileType = sourcecode.c.h; path = FMResultSet.h; sourceTree = "<group>"; };
		9918C04327EB62A000AA62B4 /* FMDatabaseQueue.h */ = {isa = PBXFileReference; fileEncoding = 4; lastKnownFileType = sourcecode.c.h; path = FMDatabaseQueue.h; sourceTree = "<group>"; };
		9918C04A27EB633600AA62B4 /* flagquiz.sqlite */ = {isa = PBXFileReference; lastKnownFileType = file; path = flagquiz.sqlite; sourceTree = "<group>"; };
		9918C04C27EB640500AA62B4 /* FlagModel.swift */ = {isa = PBXFileReference; lastKnownFileType = sourcecode.swift; path = FlagModel.swift; sourceTree = "<group>"; };
		9918C04E27EB6B7D00AA62B4 /* FlagDAO.swift */ = {isa = PBXFileReference; lastKnownFileType = sourcecode.swift; path = FlagDAO.swift; sourceTree = "<group>"; };
/* End PBXFileReference section */

/* Begin PBXFrameworksBuildPhase section */
		9918BFF227EA56CA00AA62B4 /* Frameworks */ = {
			isa = PBXFrameworksBuildPhase;
			buildActionMask = 2147483647;
			files = (
			);
			runOnlyForDeploymentPostprocessing = 0;
		};
		9918C00B27EA56CE00AA62B4 /* Frameworks */ = {
			isa = PBXFrameworksBuildPhase;
			buildActionMask = 2147483647;
			files = (
			);
			runOnlyForDeploymentPostprocessing = 0;
		};
		9918C01527EA56CE00AA62B4 /* Frameworks */ = {
			isa = PBXFrameworksBuildPhase;
			buildActionMask = 2147483647;
			files = (
			);
			runOnlyForDeploymentPostprocessing = 0;
		};
/* End PBXFrameworksBuildPhase section */

/* Begin PBXGroup section */
		9918BFEC27EA56CA00AA62B4 = {
			isa = PBXGroup;
			children = (
				9918BFF727EA56CA00AA62B4 /* FlagQuiz */,
				9918C01127EA56CE00AA62B4 /* FlagQuizTests */,
				9918C01B27EA56CE00AA62B4 /* FlagQuizUITests */,
				9918BFF627EA56CA00AA62B4 /* Products */,
				9918C03527EB623700AA62B4 /* Frameworks */,
			);
			sourceTree = "<group>";
		};
		9918BFF627EA56CA00AA62B4 /* Products */ = {
			isa = PBXGroup;
			children = (
				9918BFF527EA56CA00AA62B4 /* FlagQuiz.app */,
				9918C00E27EA56CE00AA62B4 /* FlagQuizTests.xctest */,
				9918C01827EA56CE00AA62B4 /* FlagQuizUITests.xctest */,
			);
			name = Products;
			sourceTree = "<group>";
		};
		9918BFF727EA56CA00AA62B4 /* FlagQuiz */ = {
			isa = PBXGroup;
			children = (
				9918C03727EB624900AA62B4 /* FMDB */,
				9918C03427EB5CF900AA62B4 /* Models */,
				9918C02D27EB280E00AA62B4 /* Views */,
				9918C02C27EB280100AA62B4 /* Controllers */,
				9918C02B27EB27E900AA62B4 /* Supporting Files */,
			);
			path = FlagQuiz;
			sourceTree = "<group>";
		};
		9918C01127EA56CE00AA62B4 /* FlagQuizTests */ = {
			isa = PBXGroup;
			children = (
				9918C01227EA56CE00AA62B4 /* FlagQuizTests.swift */,
			);
			path = FlagQuizTests;
			sourceTree = "<group>";
		};
		9918C01B27EA56CE00AA62B4 /* FlagQuizUITests */ = {
			isa = PBXGroup;
			children = (
				9918C01C27EA56CE00AA62B4 /* FlagQuizUITests.swift */,
				9918C01E27EA56CE00AA62B4 /* FlagQuizUITestsLaunchTests.swift */,
			);
			path = FlagQuizUITests;
			sourceTree = "<group>";
		};
		9918C02B27EB27E900AA62B4 /* Supporting Files */ = {
			isa = PBXGroup;
			children = (
				9918BFF827EA56CA00AA62B4 /* AppDelegate.swift */,
				9918BFFA27EA56CA00AA62B4 /* SceneDelegate.swift */,
				9918C00427EA56CD00AA62B4 /* Assets.xcassets */,
				9918C00627EA56CD00AA62B4 /* LaunchScreen.storyboard */,
				9918C00927EA56CD00AA62B4 /* Info.plist */,
				9918C00127EA56CA00AA62B4 /* FlagQuiz.xcdatamodeld */,
			);
			path = "Supporting Files";
			sourceTree = "<group>";
		};
		9918C02C27EB280100AA62B4 /* Controllers */ = {
			isa = PBXGroup;
			children = (
				9918BFFC27EA56CA00AA62B4 /* ViewController.swift */,
				9918C02E27EB296100AA62B4 /* QuizScreenViewController.swift */,
				9918C03027EB298800AA62B4 /* ResultScreenViewController.swift */,
			);
			path = Controllers;
			sourceTree = "<group>";
		};
		9918C02D27EB280E00AA62B4 /* Views */ = {
			isa = PBXGroup;
			children = (
				9918BFFE27EA56CA00AA62B4 /* Main.storyboard */,
			);
			path = Views;
			sourceTree = "<group>";
		};
		9918C03427EB5CF900AA62B4 /* Models */ = {
			isa = PBXGroup;
			children = (
				9918C04A27EB633600AA62B4 /* flagquiz.sqlite */,
				9918C04C27EB640500AA62B4 /* FlagModel.swift */,
				9918C04E27EB6B7D00AA62B4 /* FlagDAO.swift */,
			);
			path = Models;
			sourceTree = "<group>";
		};
		9918C03527EB623700AA62B4 /* Frameworks */ = {
			isa = PBXGroup;
			children = (
				9918C03627EB623700AA62B4 /* libsqlite3.tbd */,
			);
			name = Frameworks;
			sourceTree = "<group>";
		};
		9918C03727EB624900AA62B4 /* FMDB */ = {
			isa = PBXGroup;
			children = (
				9918C04027EB629F00AA62B4 /* FMDatabase.h */,
				9918C03F27EB629F00AA62B4 /* FMDatabase.m */,
				9918C03E27EB629F00AA62B4 /* FMDatabaseAdditions.h */,
				9918C03B27EB629F00AA62B4 /* FMDatabaseAdditions.m */,
				9918C03C27EB629F00AA62B4 /* FMDatabasePool.h */,
				9918C03A27EB629F00AA62B4 /* FMDatabasePool.m */,
				9918C04327EB62A000AA62B4 /* FMDatabaseQueue.h */,
				9918C04127EB629F00AA62B4 /* FMDatabaseQueue.m */,
				9918C03D27EB629F00AA62B4 /* FMDB.h */,
				9918C04227EB62A000AA62B4 /* FMResultSet.h */,
				9918C03927EB629F00AA62B4 /* FMResultSet.m */,
				9918C03827EB629E00AA62B4 /* FlagQuiz-Bridging-Header.h */,
			);
			path = FMDB;
			sourceTree = "<group>";
		};
/* End PBXGroup section */

/* Begin PBXNativeTarget section */
		9918BFF427EA56CA00AA62B4 /* FlagQuiz */ = {
			isa = PBXNativeTarget;
			buildConfigurationList = 9918C02227EA56CE00AA62B4 /* Build configuration list for PBXNativeTarget "FlagQuiz" */;
			buildPhases = (
				9918BFF127EA56CA00AA62B4 /* Sources */,
				9918BFF227EA56CA00AA62B4 /* Frameworks */,
				9918BFF327EA56CA00AA62B4 /* Resources */,
			);
			buildRules = (
			);
			dependencies = (
			);
			name = FlagQuiz;
			productName = FlagQuiz;
			productReference = 9918BFF527EA56CA00AA62B4 /* FlagQuiz.app */;
			productType = "com.apple.product-type.application";
		};
		9918C00D27EA56CE00AA62B4 /* FlagQuizTests */ = {
			isa = PBXNativeTarget;
			buildConfigurationList = 9918C02527EA56CE00AA62B4 /* Build configuration list for PBXNativeTarget "FlagQuizTests" */;
			buildPhases = (
				9918C00A27EA56CE00AA62B4 /* Sources */,
				9918C00B27EA56CE00AA62B4 /* Frameworks */,
				9918C00C27EA56CE00AA62B4 /* Resources */,
			);
			buildRules = (
			);
			dependencies = (
				9918C01027EA56CE00AA62B4 /* PBXTargetDependency */,
			);
			name = FlagQuizTests;
			productName = FlagQuizTests;
			productReference = 9918C00E27EA56CE00AA62B4 /* FlagQuizTests.xctest */;
			productType = "com.apple.product-type.bundle.unit-test";
		};
		9918C01727EA56CE00AA62B4 /* FlagQuizUITests */ = {
			isa = PBXNativeTarget;
			buildConfigurationList = 9918C02827EA56CE00AA62B4 /* Build configuration list for PBXNativeTarget "FlagQuizUITests" */;
			buildPhases = (
				9918C01427EA56CE00AA62B4 /* Sources */,
				9918C01527EA56CE00AA62B4 /* Frameworks */,
				9918C01627EA56CE00AA62B4 /* Resources */,
			);
			buildRules = (
			);
			dependencies = (
				9918C01A27EA56CE00AA62B4 /* PBXTargetDependency */,
			);
			name = FlagQuizUITests;
			productName = FlagQuizUITests;
			productReference = 9918C01827EA56CE00AA62B4 /* FlagQuizUITests.xctest */;
			productType = "com.apple.product-type.bundle.ui-testing";
		};
/* End PBXNativeTarget section */

/* Begin PBXProject section */
		9918BFED27EA56CA00AA62B4 /* Project object */ = {
			isa = PBXProject;
			attributes = {
				BuildIndependentTargetsInParallel = 1;
				LastSwiftUpdateCheck = 1320;
				LastUpgradeCheck = 1320;
				TargetAttributes = {
					9918BFF427EA56CA00AA62B4 = {
						CreatedOnToolsVersion = 13.2.1;
						LastSwiftMigration = 1320;
					};
					9918C00D27EA56CE00AA62B4 = {
						CreatedOnToolsVersion = 13.2.1;
						TestTargetID = 9918BFF427EA56CA00AA62B4;
					};
					9918C01727EA56CE00AA62B4 = {
						CreatedOnToolsVersion = 13.2.1;
						TestTargetID = 9918BFF427EA56CA00AA62B4;
					};
				};
			};
			buildConfigurationList = 9918BFF027EA56CA00AA62B4 /* Build configuration list for PBXProject "FlagQuiz" */;
			compatibilityVersion = "Xcode 13.0";
			developmentRegion = en;
			hasScannedForEncodings = 0;
			knownRegions = (
				en,
				Base,
			);
			mainGroup = 9918BFEC27EA56CA00AA62B4;
			productRefGroup = 9918BFF627EA56CA00AA62B4 /* Products */;
			projectDirPath = "";
			projectRoot = "";
			targets = (
				9918BFF427EA56CA00AA62B4 /* FlagQuiz */,
				9918C00D27EA56CE00AA62B4 /* FlagQuizTests */,
				9918C01727EA56CE00AA62B4 /* FlagQuizUITests */,
			);
		};
/* End PBXProject section */

/* Begin PBXResourcesBuildPhase section */
		9918BFF327EA56CA00AA62B4 /* Resources */ = {
			isa = PBXResourcesBuildPhase;
			buildActionMask = 2147483647;
			files = (
				9918C00827EA56CD00AA62B4 /* LaunchScreen.storyboard in Resources */,
				9918C00527EA56CD00AA62B4 /* Assets.xcassets in Resources */,
				9918C04B27EB633600AA62B4 /* flagquiz.sqlite in Resources */,
				9918C00027EA56CA00AA62B4 /* Main.storyboard in Resources */,
			);
			runOnlyForDeploymentPostprocessing = 0;
		};
		9918C00C27EA56CE00AA62B4 /* Resources */ = {
			isa = PBXResourcesBuildPhase;
			buildActionMask = 2147483647;
			files = (
			);
			runOnlyForDeploymentPostprocessing = 0;
		};
		9918C01627EA56CE00AA62B4 /* Resources */ = {
			isa = PBXResourcesBuildPhase;
			buildActionMask = 2147483647;
			files = (
			);
			runOnlyForDeploymentPostprocessing = 0;
		};
/* End PBXResourcesBuildPhase section */

/* Begin PBXSourcesBuildPhase section */
		9918BFF127EA56CA00AA62B4 /* Sources */ = {
			isa = PBXSourcesBuildPhase;
			buildActionMask = 2147483647;
			files = (
				9918C03127EB298800AA62B4 /* ResultScreenViewController.swift in Sources */,
				9918C02F27EB296100AA62B4 /* QuizScreenViewController.swift in Sources */,
				9918C04427EB62A000AA62B4 /* FMResultSet.m in Sources */,
				9918C04727EB62A000AA62B4 /* FMDatabase.m in Sources */,
				9918C00327EA56CA00AA62B4 /* FlagQuiz.xcdatamodeld in Sources */,
				9918BFFD27EA56CA00AA62B4 /* ViewController.swift in Sources */,
				9918C04627EB62A000AA62B4 /* FMDatabaseAdditions.m in Sources */,
				9918C04527EB62A000AA62B4 /* FMDatabasePool.m in Sources */,
				9918C04827EB62A000AA62B4 /* FMDatabaseQueue.m in Sources */,
				9918C04F27EB6B7D00AA62B4 /* FlagDAO.swift in Sources */,
				9918C04D27EB640500AA62B4 /* FlagModel.swift in Sources */,
				9918BFF927EA56CA00AA62B4 /* AppDelegate.swift in Sources */,
				9918BFFB27EA56CA00AA62B4 /* SceneDelegate.swift in Sources */,
			);
			runOnlyForDeploymentPostprocessing = 0;
		};
		9918C00A27EA56CE00AA62B4 /* Sources */ = {
			isa = PBXSourcesBuildPhase;
			buildActionMask = 2147483647;
			files = (
				9918C01327EA56CE00AA62B4 /* FlagQuizTests.swift in Sources */,
			);
			runOnlyForDeploymentPostprocessing = 0;
		};
		9918C01427EA56CE00AA62B4 /* Sources */ = {
			isa = PBXSourcesBuildPhase;
			buildActionMask = 2147483647;
			files = (
				9918C01F27EA56CE00AA62B4 /* FlagQuizUITestsLaunchTests.swift in Sources */,
				9918C01D27EA56CE00AA62B4 /* FlagQuizUITests.swift in Sources */,
			);
			runOnlyForDeploymentPostprocessing = 0;
		};
/* End PBXSourcesBuildPhase section */

/* Begin PBXTargetDependency section */
		9918C01027EA56CE00AA62B4 /* PBXTargetDependency */ = {
			isa = PBXTargetDependency;
			target = 9918BFF427EA56CA00AA62B4 /* FlagQuiz */;
			targetProxy = 9918C00F27EA56CE00AA62B4 /* PBXContainerItemProxy */;
		};
		9918C01A27EA56CE00AA62B4 /* PBXTargetDependency */ = {
			isa = PBXTargetDependency;
			target = 9918BFF427EA56CA00AA62B4 /* FlagQuiz */;
			targetProxy = 9918C01927EA56CE00AA62B4 /* PBXContainerItemProxy */;
		};
/* End PBXTargetDependency section */

/* Begin PBXVariantGroup section */
		9918BFFE27EA56CA00AA62B4 /* Main.storyboard */ = {
			isa = PBXVariantGroup;
			children = (
				9918BFFF27EA56CA00AA62B4 /* Base */,
			);
			name = Main.storyboard;
			sourceTree = "<group>";
		};
		9918C00627EA56CD00AA62B4 /* LaunchScreen.storyboard */ = {
			isa = PBXVariantGroup;
			children = (
				9918C00727EA56CD00AA62B4 /* Base */,
			);
			name = LaunchScreen.storyboard;
			sourceTree = "<group>";
		};
/* End PBXVariantGroup section */

/* Begin XCBuildConfiguration section */
		9918C02027EA56CE00AA62B4 /* Debug */ = {
			isa = XCBuildConfiguration;
			buildSettings = {
				ALWAYS_SEARCH_USER_PATHS = NO;
				CLANG_ANALYZER_NONNULL = YES;
				CLANG_ANALYZER_NUMBER_OBJECT_CONVERSION = YES_AGGRESSIVE;
				CLANG_CXX_LANGUAGE_STANDARD = "gnu++17";
				CLANG_CXX_LIBRARY = "libc++";
				CLANG_ENABLE_MODULES = YES;
				CLANG_ENABLE_OBJC_ARC = YES;
				CLANG_ENABLE_OBJC_WEAK = YES;
				CLANG_WARN_BLOCK_CAPTURE_AUTORELEASING = YES;
				CLANG_WARN_BOOL_CONVERSION = YES;
				CLANG_WARN_COMMA = YES;
				CLANG_WARN_CONSTANT_CONVERSION = YES;
				CLANG_WARN_DEPRECATED_OBJC_IMPLEMENTATIONS = YES;
				CLANG_WARN_DIRECT_OBJC_ISA_USAGE = YES_ERROR;
				CLANG_WARN_DOCUMENTATION_COMMENTS = YES;
				CLANG_WARN_EMPTY_BODY = YES;
				CLANG_WARN_ENUM_CONVERSION = YES;
				CLANG_WARN_INFINITE_RECURSION = YES;
				CLANG_WARN_INT_CONVERSION = YES;
				CLANG_WARN_NON_LITERAL_NULL_CONVERSION = YES;
				CLANG_WARN_OBJC_IMPLICIT_RETAIN_SELF = YES;
				CLANG_WARN_OBJC_LITERAL_CONVERSION = YES;
				CLANG_WARN_OBJC_ROOT_CLASS = YES_ERROR;
				CLANG_WARN_QUOTED_INCLUDE_IN_FRAMEWORK_HEADER = YES;
				CLANG_WARN_RANGE_LOOP_ANALYSIS = YES;
				CLANG_WARN_STRICT_PROTOTYPES = YES;
				CLANG_WARN_SUSPICIOUS_MOVE = YES;
				CLANG_WARN_UNGUARDED_AVAILABILITY = YES_AGGRESSIVE;
				CLANG_WARN_UNREACHABLE_CODE = YES;
				CLANG_WARN__DUPLICATE_METHOD_MATCH = YES;
				COPY_PHASE_STRIP = NO;
				DEBUG_INFORMATION_FORMAT = dwarf;
				ENABLE_STRICT_OBJC_MSGSEND = YES;
				ENABLE_TESTABILITY = YES;
				GCC_C_LANGUAGE_STANDARD = gnu11;
				GCC_DYNAMIC_NO_PIC = NO;
				GCC_NO_COMMON_BLOCKS = YES;
				GCC_OPTIMIZATION_LEVEL = 0;
				GCC_PREPROCESSOR_DEFINITIONS = (
					"DEBUG=1",
					"$(inherited)",
				);
				GCC_WARN_64_TO_32_BIT_CONVERSION = YES;
				GCC_WARN_ABOUT_RETURN_TYPE = YES_ERROR;
				GCC_WARN_UNDECLARED_SELECTOR = YES;
				GCC_WARN_UNINITIALIZED_AUTOS = YES_AGGRESSIVE;
				GCC_WARN_UNUSED_FUNCTION = YES;
				GCC_WARN_UNUSED_VARIABLE = YES;
				IPHONEOS_DEPLOYMENT_TARGET = 15.2;
				MTL_ENABLE_DEBUG_INFO = INCLUDE_SOURCE;
				MTL_FAST_MATH = YES;
				ONLY_ACTIVE_ARCH = YES;
				SDKROOT = iphoneos;
				SWIFT_ACTIVE_COMPILATION_CONDITIONS = DEBUG;
				SWIFT_OPTIMIZATION_LEVEL = "-Onone";
			};
			name = Debug;
		};
		9918C02127EA56CE00AA62B4 /* Release */ = {
			isa = XCBuildConfiguration;
			buildSettings = {
				ALWAYS_SEARCH_USER_PATHS = NO;
				CLANG_ANALYZER_NONNULL = YES;
				CLANG_ANALYZER_NUMBER_OBJECT_CONVERSION = YES_AGGRESSIVE;
				CLANG_CXX_LANGUAGE_STANDARD = "gnu++17";
				CLANG_CXX_LIBRARY = "libc++";
				CLANG_ENABLE_MODULES = YES;
				CLANG_ENABLE_OBJC_ARC = YES;
				CLANG_ENABLE_OBJC_WEAK = YES;
				CLANG_WARN_BLOCK_CAPTURE_AUTORELEASING = YES;
				CLANG_WARN_BOOL_CONVERSION = YES;
				CLANG_WARN_COMMA = YES;
				CLANG_WARN_CONSTANT_CONVERSION = YES;
				CLANG_WARN_DEPRECATED_OBJC_IMPLEMENTATIONS = YES;
				CLANG_WARN_DIRECT_OBJC_ISA_USAGE = YES_ERROR;
				CLANG_WARN_DOCUMENTATION_COMMENTS = YES;
				CLANG_WARN_EMPTY_BODY = YES;
				CLANG_WARN_ENUM_CONVERSION = YES;
				CLANG_WARN_INFINITE_RECURSION = YES;
				CLANG_WARN_INT_CONVERSION = YES;
				CLANG_WARN_NON_LITERAL_NULL_CONVERSION = YES;
				CLANG_WARN_OBJC_IMPLICIT_RETAIN_SELF = YES;
				CLANG_WARN_OBJC_LITERAL_CONVERSION = YES;
				CLANG_WARN_OBJC_ROOT_CLASS = YES_ERROR;
				CLANG_WARN_QUOTED_INCLUDE_IN_FRAMEWORK_HEADER = YES;
				CLANG_WARN_RANGE_LOOP_ANALYSIS = YES;
				CLANG_WARN_STRICT_PROTOTYPES = YES;
				CLANG_WARN_SUSPICIOUS_MOVE = YES;
				CLANG_WARN_UNGUARDED_AVAILABILITY = YES_AGGRESSIVE;
				CLANG_WARN_UNREACHABLE_CODE = YES;
				CLANG_WARN__DUPLICATE_METHOD_MATCH = YES;
				COPY_PHASE_STRIP = NO;
				DEBUG_INFORMATION_FORMAT = "dwarf-with-dsym";
				ENABLE_NS_ASSERTIONS = NO;
				ENABLE_STRICT_OBJC_MSGSEND = YES;
				GCC_C_LANGUAGE_STANDARD = gnu11;
				GCC_NO_COMMON_BLOCKS = YES;
				GCC_WARN_64_TO_32_BIT_CONVERSION = YES;
				GCC_WARN_ABOUT_RETURN_TYPE = YES_ERROR;
				GCC_WARN_UNDECLARED_SELECTOR = YES;
				GCC_WARN_UNINITIALIZED_AUTOS = YES_AGGRESSIVE;
				GCC_WARN_UNUSED_FUNCTION = YES;
				GCC_WARN_UNUSED_VARIABLE = YES;
				IPHONEOS_DEPLOYMENT_TARGET = 15.2;
				MTL_ENABLE_DEBUG_INFO = NO;
				MTL_FAST_MATH = YES;
				SDKROOT = iphoneos;
				SWIFT_COMPILATION_MODE = wholemodule;
				SWIFT_OPTIMIZATION_LEVEL = "-O";
				VALIDATE_PRODUCT = YES;
			};
			name = Release;
		};
		9918C02327EA56CE00AA62B4 /* Debug */ = {
			isa = XCBuildConfiguration;
			buildSettings = {
				ASSETCATALOG_COMPILER_APPICON_NAME = AppIcon;
				ASSETCATALOG_COMPILER_GLOBAL_ACCENT_COLOR_NAME = AccentColor;
				CLANG_ENABLE_MODULES = YES;
				CODE_SIGN_STYLE = Automatic;
				CURRENT_PROJECT_VERSION = 1;
				GENERATE_INFOPLIST_FILE = YES;
				INFOPLIST_FILE = "FlagQuiz/Supporting Files/Info.plist";
				INFOPLIST_KEY_UIApplicationSupportsIndirectInputEvents = YES;
				INFOPLIST_KEY_UILaunchStoryboardName = LaunchScreen;
				INFOPLIST_KEY_UIMainStoryboardFile = Main;
				INFOPLIST_KEY_UISupportedInterfaceOrientations_iPad = "UIInterfaceOrientationPortrait UIInterfaceOrientationPortraitUpsideDown UIInterfaceOrientationLandscapeLeft UIInterfaceOrientationLandscapeRight";
				INFOPLIST_KEY_UISupportedInterfaceOrientations_iPhone = "UIInterfaceOrientationPortrait UIInterfaceOrientationLandscapeLeft UIInterfaceOrientationLandscapeRight";
				LD_RUNPATH_SEARCH_PATHS = (
					"$(inherited)",
					"@executable_path/Frameworks",
				);
				MARKETING_VERSION = 1.0;
				PRODUCT_BUNDLE_IDENTIFIER = com.zerdasoftware.FlagQuiz;
				PRODUCT_NAME = "$(TARGET_NAME)";
				SWIFT_EMIT_LOC_STRINGS = YES;
				SWIFT_OBJC_BRIDGING_HEADER = "FlagQuiz/FMDB/FlagQuiz-Bridging-Header.h";
				SWIFT_OPTIMIZATION_LEVEL = "-Onone";
				SWIFT_VERSION = 5.0;
				TARGETED_DEVICE_FAMILY = "1,2";
			};
			name = Debug;
		};
		9918C02427EA56CE00AA62B4 /* Release */ = {
			isa = XCBuildConfiguration;
			buildSettings = {
				ASSETCATALOG_COMPILER_APPICON_NAME = AppIcon;
				ASSETCATALOG_COMPILER_GLOBAL_ACCENT_COLOR_NAME = AccentColor;
				CLANG_ENABLE_MODULES = YES;
				CODE_SIGN_STYLE = Automatic;
				CURRENT_PROJECT_VERSION = 1;
				GENERATE_INFOPLIST_FILE = YES;
				INFOPLIST_FILE = "FlagQuiz/Supporting Files/Info.plist";
				INFOPLIST_KEY_UIApplicationSupportsIndirectInputEvents = YES;
				INFOPLIST_KEY_UILaunchStoryboardName = LaunchScreen;
				INFOPLIST_KEY_UIMainStoryboardFile = Main;
				INFOPLIST_KEY_UISupportedInterfaceOrientations_iPad = "UIInterfaceOrientationPortrait UIInterfaceOrientationPortraitUpsideDown UIInterfaceOrientationLandscapeLeft UIInterfaceOrientationLandscapeRight";
				INFOPLIST_KEY_UISupportedInterfaceOrientations_iPhone = "UIInterfaceOrientationPortrait UIInterfaceOrientationLandscapeLeft UIInterfaceOrientationLandscapeRight";
				LD_RUNPATH_SEARCH_PATHS = (
					"$(inherited)",
					"@executable_path/Frameworks",
				);
				MARKETING_VERSION = 1.0;
				PRODUCT_BUNDLE_IDENTIFIER = com.zerdasoftware.FlagQuiz;
				PRODUCT_NAME = "$(TARGET_NAME)";
				SWIFT_EMIT_LOC_STRINGS = YES;
				SWIFT_OBJC_BRIDGING_HEADER = "FlagQuiz/FMDB/FlagQuiz-Bridging-Header.h";
				SWIFT_VERSION = 5.0;
				TARGETED_DEVICE_FAMILY = "1,2";
			};
			name = Release;
		};
		9918C02627EA56CE00AA62B4 /* Debug */ = {
			isa = XCBuildConfiguration;
			buildSettings = {
				ALWAYS_EMBED_SWIFT_STANDARD_LIBRARIES = YES;
				BUNDLE_LOADER = "$(TEST_HOST)";
				CODE_SIGN_STYLE = Automatic;
				CURRENT_PROJECT_VERSION = 1;
				GENERATE_INFOPLIST_FILE = YES;
				IPHONEOS_DEPLOYMENT_TARGET = 15.2;
				MARKETING_VERSION = 1.0;
				PRODUCT_BUNDLE_IDENTIFIER = com.zerdasoftware.FlagQuizTests;
				PRODUCT_NAME = "$(TARGET_NAME)";
				SWIFT_EMIT_LOC_STRINGS = NO;
				SWIFT_VERSION = 5.0;
				TARGETED_DEVICE_FAMILY = "1,2";
				TEST_HOST = "$(BUILT_PRODUCTS_DIR)/FlagQuiz.app/FlagQuiz";
			};
			name = Debug;
		};
		9918C02727EA56CE00AA62B4 /* Release */ = {
			isa = XCBuildConfiguration;
			buildSettings = {
				ALWAYS_EMBED_SWIFT_STANDARD_LIBRARIES = YES;
				BUNDLE_LOADER = "$(TEST_HOST)";
				CODE_SIGN_STYLE = Automatic;
				CURRENT_PROJECT_VERSION = 1;
				GENERATE_INFOPLIST_FILE = YES;
				IPHONEOS_DEPLOYMENT_TARGET = 15.2;
				MARKETING_VERSION = 1.0;
				PRODUCT_BUNDLE_IDENTIFIER = com.zerdasoftware.FlagQuizTests;
				PRODUCT_NAME = "$(TARGET_NAME)";
				SWIFT_EMIT_LOC_STRINGS = NO;
				SWIFT_VERSION = 5.0;
				TARGETED_DEVICE_FAMILY = "1,2";
				TEST_HOST = "$(BUILT_PRODUCTS_DIR)/FlagQuiz.app/FlagQuiz";
			};
			name = Release;
		};
		9918C02927EA56CE00AA62B4 /* Debug */ = {
			isa = XCBuildConfiguration;
			buildSettings = {
				ALWAYS_EMBED_SWIFT_STANDARD_LIBRARIES = YES;
				CODE_SIGN_STYLE = Automatic;
				CURRENT_PROJECT_VERSION = 1;
				GENERATE_INFOPLIST_FILE = YES;
				MARKETING_VERSION = 1.0;
				PRODUCT_BUNDLE_IDENTIFIER = com.zerdasoftware.FlagQuizUITests;
				PRODUCT_NAME = "$(TARGET_NAME)";
				SWIFT_EMIT_LOC_STRINGS = NO;
				SWIFT_VERSION = 5.0;
				TARGETED_DEVICE_FAMILY = "1,2";
				TEST_TARGET_NAME = FlagQuiz;
			};
			name = Debug;
		};
		9918C02A27EA56CE00AA62B4 /* Release */ = {
			isa = XCBuildConfiguration;
			buildSettings = {
				ALWAYS_EMBED_SWIFT_STANDARD_LIBRARIES = YES;
				CODE_SIGN_STYLE = Automatic;
				CURRENT_PROJECT_VERSION = 1;
				GENERATE_INFOPLIST_FILE = YES;
				MARKETING_VERSION = 1.0;
				PRODUCT_BUNDLE_IDENTIFIER = com.zerdasoftware.FlagQuizUITests;
				PRODUCT_NAME = "$(TARGET_NAME)";
				SWIFT_EMIT_LOC_STRINGS = NO;
				SWIFT_VERSION = 5.0;
				TARGETED_DEVICE_FAMILY = "1,2";
				TEST_TARGET_NAME = FlagQuiz;
			};
			name = Release;
		};
/* End XCBuildConfiguration section */

/* Begin XCConfigurationList section */
		9918BFF027EA56CA00AA62B4 /* Build configuration list for PBXProject "FlagQuiz" */ = {
			isa = XCConfigurationList;
			buildConfigurations = (
				9918C02027EA56CE00AA62B4 /* Debug */,
				9918C02127EA56CE00AA62B4 /* Release */,
			);
			defaultConfigurationIsVisible = 0;
			defaultConfigurationName = Release;
		};
		9918C02227EA56CE00AA62B4 /* Build configuration list for PBXNativeTarget "FlagQuiz" */ = {
			isa = XCConfigurationList;
			buildConfigurations = (
				9918C02327EA56CE00AA62B4 /* Debug */,
				9918C02427EA56CE00AA62B4 /* Release */,
			);
			defaultConfigurationIsVisible = 0;
			defaultConfigurationName = Release;
		};
		9918C02527EA56CE00AA62B4 /* Build configuration list for PBXNativeTarget "FlagQuizTests" */ = {
			isa = XCConfigurationList;
			buildConfigurations = (
				9918C02627EA56CE00AA62B4 /* Debug */,
				9918C02727EA56CE00AA62B4 /* Release */,
			);
			defaultConfigurationIsVisible = 0;
			defaultConfigurationName = Release;
		};
		9918C02827EA56CE00AA62B4 /* Build configuration list for PBXNativeTarget "FlagQuizUITests" */ = {
			isa = XCConfigurationList;
			buildConfigurations = (
				9918C02927EA56CE00AA62B4 /* Debug */,
				9918C02A27EA56CE00AA62B4 /* Release */,
			);
			defaultConfigurationIsVisible = 0;
			defaultConfigurationName = Release;
		};
/* End XCConfigurationList section */

/* Begin XCVersionGroup section */
		9918C00127EA56CA00AA62B4 /* FlagQuiz.xcdatamodeld */ = {
			isa = XCVersionGroup;
			children = (
				9918C00227EA56CA00AA62B4 /* FlagQuiz.xcdatamodel */,
			);
			currentVersion = 9918C00227EA56CA00AA62B4 /* FlagQuiz.xcdatamodel */;
			path = FlagQuiz.xcdatamodeld;
			sourceTree = "<group>";
			versionGroupType = wrapper.xcdatamodel;
		};
/* End XCVersionGroup section */
	};
	rootObject = 9918BFED27EA56CA00AA62B4 /* Project object */;
}
